Microsoft Visual Studio Solution File, Format Version 12.00
# Visual Studio Version 17
VisualStudioVersion = 17.5.2.0
MinimumVisualStudioVersion = 10.0.40219.1
Project("{FAE04EC0-301F-11D3-BF4B-00C04F79EFBC}") = "DeviceFleetManager.API", "DeviceFleetManager.API.csproj", "{9B2FC25E-CDE1-8515-2332-17E1D173EE42}"
EndProject
Global
	GlobalSection(SolutionConfigurationPlatforms) = preSolution
		Debug|Any CPU = Debug|Any CPU
		Release|Any CPU = Release|Any CPU
	EndGlobalSection
	GlobalSection(ProjectConfigurationPlatforms) = postSolution
		{9B2FC25E-CDE1-8515-2332-17E1D173EE42}.Debug|Any CPU.ActiveCfg = Debug|Any CPU
		{9B2FC25E-CDE1-8515-2332-17E1D173EE42}.Debug|Any CPU.Build.0 = Debug|Any CPU
		{9B2FC25E-CDE1-8515-2332-17E1D173EE42}.Release|Any CPU.ActiveCfg = Release|Any CPU
		{9B2FC25E-CDE1-8515-2332-17E1D173EE42}.Release|Any CPU.Build.0 = Release|Any CPU
	EndGlobalSection
	GlobalSection(SolutionProperties) = preSolution
		HideSolutionNode = FALSE
	EndGlobalSection
	GlobalSection(ExtensibilityGlobals) = postSolution
		SolutionGuid = {09FA3C64-FD61-41D9-8EB4-251054EE3C55}
	EndGlobalSection
EndGlobal
